
Microsoft Visual Studio Solution File, Format Version 12.00
# Visual Studio Version 17
VisualStudioVersion = 17.0.31903.59
MinimumVisualStudioVersion = 10.0.40219.1
Project("{2150E333-8FDC-42A3-9474-1A3956D46DE8}") = "Examples", "Examples", "{DEF0CFA4-7823-4702-A5B6-264CF0895BA7}"
EndProject
Project("{2150E333-8FDC-42A3-9474-1A3956D46DE8}") = "Tests", "Tests", "{813D5E58-CE77-4969-B74A-A724228D8F73}"
EndProject
Project("{9A19103F-16F7-4668-BE54-9A1E7A4F7556}") = "BlankSimulation", "examples\BlankSimulation\BlankSimulation.csproj", "{D5CABA70-154E-4369-A79A-57D7E341B8A7}"
EndProject
Project("{9A19103F-16F7-4668-BE54-9A1E7A4F7556}") = "SimulationFramework", "src\SimulationFramework\SimulationFramework.csproj", "{950FE21C-608E-40C8-9399-D55430499170}"
EndProject
Project("{2150E333-8FDC-42A3-9474-1A3956D46DE8}") = "Graphics", "Graphics", "{70E789B1-29FB-421E-A968-1ED75F680090}"
EndProject
Project("{2150E333-8FDC-42A3-9474-1A3956D46DE8}") = "Environments", "Environments", "{93BAFE7A-2079-49AC-96EC-0214CE007265}"
EndProject
Project("{9A19103F-16F7-4668-BE54-9A1E7A4F7556}") = "SimulationFramework.Desktop", "src\SimulationFramework.Desktop\SimulationFramework.Desktop.csproj", "{48F547C6-E87D-48F8-B9D2-9E48CC44C364}"
EndProject
Project("{9A19103F-16F7-4668-BE54-9A1E7A4F7556}") = "DrawingShapes", "examples\DrawingShapes\DrawingShapes.csproj", "{0E53B18E-B1F8-4571-A8A9-CEC7300F5BE3}"
EndProject
Project("{2150E333-8FDC-42A3-9474-1A3956D46DE8}") = "Interactive", "Interactive", "{917A8B5B-FF49-4DE8-9524-E84BB7580060}"
EndProject
Project("{9A19103F-16F7-4668-BE54-9A1E7A4F7556}") = "SimulationFramework.Tests.Interactive.CanvasStateStack", "tests\interactive\SimulationFramework.Tests.Interactive.CanvasStateStack\SimulationFramework.Tests.Interactive.CanvasStateStack.csproj", "{C1674A8A-C7BF-4F06-B3A0-4A87043A2215}"
EndProject
Project("{9A19103F-16F7-4668-BE54-9A1E7A4F7556}") = "SimulationFramework.Tests.Interactive.Gradients", "tests\interactive\SimulationFramework.Tests.Interactive.Gradients\SimulationFramework.Tests.Interactive.Gradients.csproj", "{C0188979-6450-48F7-AC8D-591AC7D1B981}"
EndProject
Project("{9A19103F-16F7-4668-BE54-9A1E7A4F7556}") = "SimulationFramework.Tests.Interactive.Input", "tests\interactive\SimulationFramework.Tests.Interactive.Input\SimulationFramework.Tests.Interactive.Input.csproj", "{A99860B0-8EA7-48DD-9F11-BADA411E2730}"
EndProject
Project("{9A19103F-16F7-4668-BE54-9A1E7A4F7556}") = "SimulationFramework.Drawing.Direct3D11", "src\SimulationFramework.Direct3D11\SimulationFramework.Drawing.Direct3D11.csproj", "{E7C179E1-5A7D-4F6E-A61F-E72150AEE7B5}"
EndProject
Project("{9A19103F-16F7-4668-BE54-9A1E7A4F7556}") = "SimulationFramework.Drawing.OpenGL", "src\SimulationFramework.Drawing.OpenGL\SimulationFramework.Drawing.OpenGL.csproj", "{CC652CA6-0AEE-490A-BF3C-25A8791DACB7}"
EndProject
Project("{9A19103F-16F7-4668-BE54-9A1E7A4F7556}") = "BasicInput", "examples\BasicInput\BasicInput.csproj", "{E29DC64B-68A5-4647-8B41-1A5ADFDA0787}"
EndProject
Project("{9A19103F-16F7-4668-BE54-9A1E7A4F7556}") = "Basic3D", "examples\Basic3D\Basic3D.csproj", "{8037F99A-8BA9-4423-9697-923C5B6F0948}"
EndProject
Project("{9A19103F-16F7-4668-BE54-9A1E7A4F7556}") = "SimulationFramework.Tests", "tests\SimulationFramework.Tests\SimulationFramework.Tests.csproj", "{6EEFBE34-3DC2-4513-8A0D-4FAF2DB9B509}"
EndProject
Project("{9A19103F-16F7-4668-BE54-9A1E7A4F7556}") = "SimulationFramework.ImGuiNET", "src\SimulationFramework.ImGuiNET\SimulationFramework.ImGuiNET.csproj", "{2D16A2B5-214B-4DD4-913D-993F25BB4CE5}"
EndProject
Project("{9A19103F-16F7-4668-BE54-9A1E7A4F7556}") = "ComputeShader", "ComputeShader\ComputeShader.csproj", "{0E0E2792-02A3-4492-858C-55D9467E79AB}"
EndProject
Project("{9A19103F-16F7-4668-BE54-9A1E7A4F7556}") = "Raytracer", "Examples\Raytracer\Raytracer.csproj", "{A302831A-0643-4478-92FF-7DFE6C89C408}"
EndProject
Project("{9A19103F-16F7-4668-BE54-9A1E7A4F7556}") = "Grass", "examples\Grass\Grass.csproj", "{632B3FEB-5D11-4AE4-9470-53ABDA5F8E72}"
EndProject
Project("{9A19103F-16F7-4668-BE54-9A1E7A4F7556}") = "HelloTriangle", "examples\HelloTriangle\HelloTriangle.csproj", "{03051CED-216E-4851-B24A-B1DAA99E1B59}"
EndProject
Project("{FAE04EC0-301F-11D3-BF4B-00C04F79EFBC}") = "SimulationFramework.Drawing.Direct3D11.Tests", "SimulationFramework.Drawing.Direct3D11.Tests\SimulationFramework.Drawing.Direct3D11.Tests.csproj", "{0180FC44-21C1-4306-B709-F2705F85B2C3}"
EndProject
Project("{FAE04EC0-301F-11D3-BF4B-00C04F79EFBC}") = "RayMarcher", "RayMarcher\RayMarcher.csproj", "{557BF99E-CC5C-463C-AA00-B1C0792B1896}"
EndProject
Global
	GlobalSection(SolutionConfigurationPlatforms) = preSolution
		Debug|Any CPU = Debug|Any CPU
		Release|Any CPU = Release|Any CPU
	EndGlobalSection
	GlobalSection(ProjectConfigurationPlatforms) = postSolution
		{D5CABA70-154E-4369-A79A-57D7E341B8A7}.Debug|Any CPU.ActiveCfg = Debug|Any CPU
		{D5CABA70-154E-4369-A79A-57D7E341B8A7}.Debug|Any CPU.Build.0 = Debug|Any CPU
		{D5CABA70-154E-4369-A79A-57D7E341B8A7}.Release|Any CPU.ActiveCfg = Release|Any CPU
		{D5CABA70-154E-4369-A79A-57D7E341B8A7}.Release|Any CPU.Build.0 = Release|Any CPU
		{950FE21C-608E-40C8-9399-D55430499170}.Debug|Any CPU.ActiveCfg = Debug|Any CPU
		{950FE21C-608E-40C8-9399-D55430499170}.Debug|Any CPU.Build.0 = Debug|Any CPU
		{950FE21C-608E-40C8-9399-D55430499170}.Release|Any CPU.ActiveCfg = Release|Any CPU
		{950FE21C-608E-40C8-9399-D55430499170}.Release|Any CPU.Build.0 = Release|Any CPU
		{48F547C6-E87D-48F8-B9D2-9E48CC44C364}.Debug|Any CPU.ActiveCfg = Debug|Any CPU
		{48F547C6-E87D-48F8-B9D2-9E48CC44C364}.Debug|Any CPU.Build.0 = Debug|Any CPU
		{48F547C6-E87D-48F8-B9D2-9E48CC44C364}.Release|Any CPU.ActiveCfg = Release|Any CPU
		{48F547C6-E87D-48F8-B9D2-9E48CC44C364}.Release|Any CPU.Build.0 = Release|Any CPU
		{0E53B18E-B1F8-4571-A8A9-CEC7300F5BE3}.Debug|Any CPU.ActiveCfg = Debug|Any CPU
		{0E53B18E-B1F8-4571-A8A9-CEC7300F5BE3}.Debug|Any CPU.Build.0 = Debug|Any CPU
		{0E53B18E-B1F8-4571-A8A9-CEC7300F5BE3}.Release|Any CPU.ActiveCfg = Release|Any CPU
		{0E53B18E-B1F8-4571-A8A9-CEC7300F5BE3}.Release|Any CPU.Build.0 = Release|Any CPU
		{C1674A8A-C7BF-4F06-B3A0-4A87043A2215}.Debug|Any CPU.ActiveCfg = Debug|Any CPU
		{C1674A8A-C7BF-4F06-B3A0-4A87043A2215}.Debug|Any CPU.Build.0 = Debug|Any CPU
		{C1674A8A-C7BF-4F06-B3A0-4A87043A2215}.Release|Any CPU.ActiveCfg = Release|Any CPU
		{C1674A8A-C7BF-4F06-B3A0-4A87043A2215}.Release|Any CPU.Build.0 = Release|Any CPU
		{C0188979-6450-48F7-AC8D-591AC7D1B981}.Debug|Any CPU.ActiveCfg = Debug|Any CPU
		{C0188979-6450-48F7-AC8D-591AC7D1B981}.Debug|Any CPU.Build.0 = Debug|Any CPU
		{C0188979-6450-48F7-AC8D-591AC7D1B981}.Release|Any CPU.ActiveCfg = Release|Any CPU
		{C0188979-6450-48F7-AC8D-591AC7D1B981}.Release|Any CPU.Build.0 = Release|Any CPU
		{A99860B0-8EA7-48DD-9F11-BADA411E2730}.Debug|Any CPU.ActiveCfg = Debug|Any CPU
		{A99860B0-8EA7-48DD-9F11-BADA411E2730}.Debug|Any CPU.Build.0 = Debug|Any CPU
		{A99860B0-8EA7-48DD-9F11-BADA411E2730}.Release|Any CPU.ActiveCfg = Release|Any CPU
		{A99860B0-8EA7-48DD-9F11-BADA411E2730}.Release|Any CPU.Build.0 = Release|Any CPU
		{E7C179E1-5A7D-4F6E-A61F-E72150AEE7B5}.Debug|Any CPU.ActiveCfg = Debug|Any CPU
		{E7C179E1-5A7D-4F6E-A61F-E72150AEE7B5}.Debug|Any CPU.Build.0 = Debug|Any CPU
		{E7C179E1-5A7D-4F6E-A61F-E72150AEE7B5}.Release|Any CPU.ActiveCfg = Release|Any CPU
		{E7C179E1-5A7D-4F6E-A61F-E72150AEE7B5}.Release|Any CPU.Build.0 = Release|Any CPU
		{CC652CA6-0AEE-490A-BF3C-25A8791DACB7}.Debug|Any CPU.ActiveCfg = Debug|Any CPU
		{CC652CA6-0AEE-490A-BF3C-25A8791DACB7}.Debug|Any CPU.Build.0 = Debug|Any CPU
		{CC652CA6-0AEE-490A-BF3C-25A8791DACB7}.Release|Any CPU.ActiveCfg = Release|Any CPU
		{CC652CA6-0AEE-490A-BF3C-25A8791DACB7}.Release|Any CPU.Build.0 = Release|Any CPU
		{E29DC64B-68A5-4647-8B41-1A5ADFDA0787}.Debug|Any CPU.ActiveCfg = Debug|Any CPU
		{E29DC64B-68A5-4647-8B41-1A5ADFDA0787}.Debug|Any CPU.Build.0 = Debug|Any CPU
		{E29DC64B-68A5-4647-8B41-1A5ADFDA0787}.Release|Any CPU.ActiveCfg = Release|Any CPU
		{E29DC64B-68A5-4647-8B41-1A5ADFDA0787}.Release|Any CPU.Build.0 = Release|Any CPU
		{8037F99A-8BA9-4423-9697-923C5B6F0948}.Debug|Any CPU.ActiveCfg = Debug|Any CPU
		{8037F99A-8BA9-4423-9697-923C5B6F0948}.Debug|Any CPU.Build.0 = Debug|Any CPU
		{8037F99A-8BA9-4423-9697-923C5B6F0948}.Release|Any CPU.ActiveCfg = Release|Any CPU
		{8037F99A-8BA9-4423-9697-923C5B6F0948}.Release|Any CPU.Build.0 = Release|Any CPU
		{6EEFBE34-3DC2-4513-8A0D-4FAF2DB9B509}.Debug|Any CPU.ActiveCfg = Debug|Any CPU
		{6EEFBE34-3DC2-4513-8A0D-4FAF2DB9B509}.Debug|Any CPU.Build.0 = Debug|Any CPU
		{6EEFBE34-3DC2-4513-8A0D-4FAF2DB9B509}.Release|Any CPU.ActiveCfg = Release|Any CPU
		{6EEFBE34-3DC2-4513-8A0D-4FAF2DB9B509}.Release|Any CPU.Build.0 = Release|Any CPU
		{2D16A2B5-214B-4DD4-913D-993F25BB4CE5}.Debug|Any CPU.ActiveCfg = Debug|Any CPU
		{2D16A2B5-214B-4DD4-913D-993F25BB4CE5}.Debug|Any CPU.Build.0 = Debug|Any CPU
		{2D16A2B5-214B-4DD4-913D-993F25BB4CE5}.Release|Any CPU.ActiveCfg = Release|Any CPU
		{2D16A2B5-214B-4DD4-913D-993F25BB4CE5}.Release|Any CPU.Build.0 = Release|Any CPU
		{0E0E2792-02A3-4492-858C-55D9467E79AB}.Debug|Any CPU.ActiveCfg = Debug|Any CPU
		{0E0E2792-02A3-4492-858C-55D9467E79AB}.Debug|Any CPU.Build.0 = Debug|Any CPU
		{0E0E2792-02A3-4492-858C-55D9467E79AB}.Release|Any CPU.ActiveCfg = Release|Any CPU
		{0E0E2792-02A3-4492-858C-55D9467E79AB}.Release|Any CPU.Build.0 = Release|Any CPU
		{A302831A-0643-4478-92FF-7DFE6C89C408}.Debug|Any CPU.ActiveCfg = Debug|Any CPU
		{A302831A-0643-4478-92FF-7DFE6C89C408}.Debug|Any CPU.Build.0 = Debug|Any CPU
		{A302831A-0643-4478-92FF-7DFE6C89C408}.Release|Any CPU.ActiveCfg = Release|Any CPU
		{A302831A-0643-4478-92FF-7DFE6C89C408}.Release|Any CPU.Build.0 = Release|Any CPU
		{632B3FEB-5D11-4AE4-9470-53ABDA5F8E72}.Debug|Any CPU.ActiveCfg = Debug|Any CPU
		{632B3FEB-5D11-4AE4-9470-53ABDA5F8E72}.Debug|Any CPU.Build.0 = Debug|Any CPU
		{632B3FEB-5D11-4AE4-9470-53ABDA5F8E72}.Release|Any CPU.ActiveCfg = Release|Any CPU
		{632B3FEB-5D11-4AE4-9470-53ABDA5F8E72}.Release|Any CPU.Build.0 = Release|Any CPU
		{03051CED-216E-4851-B24A-B1DAA99E1B59}.Debug|Any CPU.ActiveCfg = Debug|Any CPU
		{03051CED-216E-4851-B24A-B1DAA99E1B59}.Debug|Any CPU.Build.0 = Debug|Any CPU
		{03051CED-216E-4851-B24A-B1DAA99E1B59}.Release|Any CPU.ActiveCfg = Release|Any CPU
		{03051CED-216E-4851-B24A-B1DAA99E1B59}.Release|Any CPU.Build.0 = Release|Any CPU
		{0180FC44-21C1-4306-B709-F2705F85B2C3}.Debug|Any CPU.ActiveCfg = Debug|Any CPU
		{0180FC44-21C1-4306-B709-F2705F85B2C3}.Debug|Any CPU.Build.0 = Debug|Any CPU
		{0180FC44-21C1-4306-B709-F2705F85B2C3}.Release|Any CPU.ActiveCfg = Release|Any CPU
		{0180FC44-21C1-4306-B709-F2705F85B2C3}.Release|Any CPU.Build.0 = Release|Any CPU
		{557BF99E-CC5C-463C-AA00-B1C0792B1896}.Debug|Any CPU.ActiveCfg = Debug|Any CPU
		{557BF99E-CC5C-463C-AA00-B1C0792B1896}.Debug|Any CPU.Build.0 = Debug|Any CPU
		{557BF99E-CC5C-463C-AA00-B1C0792B1896}.Release|Any CPU.ActiveCfg = Release|Any CPU
		{557BF99E-CC5C-463C-AA00-B1C0792B1896}.Release|Any CPU.Build.0 = Release|Any CPU
	EndGlobalSection
	GlobalSection(SolutionProperties) = preSolution
		HideSolutionNode = FALSE
	EndGlobalSection
	GlobalSection(NestedProjects) = preSolution
		{D5CABA70-154E-4369-A79A-57D7E341B8A7} = {DEF0CFA4-7823-4702-A5B6-264CF0895BA7}
		{48F547C6-E87D-48F8-B9D2-9E48CC44C364} = {93BAFE7A-2079-49AC-96EC-0214CE007265}
		{0E53B18E-B1F8-4571-A8A9-CEC7300F5BE3} = {DEF0CFA4-7823-4702-A5B6-264CF0895BA7}
		{917A8B5B-FF49-4DE8-9524-E84BB7580060} = {813D5E58-CE77-4969-B74A-A724228D8F73}
		{C1674A8A-C7BF-4F06-B3A0-4A87043A2215} = {917A8B5B-FF49-4DE8-9524-E84BB7580060}
		{C0188979-6450-48F7-AC8D-591AC7D1B981} = {917A8B5B-FF49-4DE8-9524-E84BB7580060}
		{A99860B0-8EA7-48DD-9F11-BADA411E2730} = {917A8B5B-FF49-4DE8-9524-E84BB7580060}
		{E7C179E1-5A7D-4F6E-A61F-E72150AEE7B5} = {70E789B1-29FB-421E-A968-1ED75F680090}
		{CC652CA6-0AEE-490A-BF3C-25A8791DACB7} = {70E789B1-29FB-421E-A968-1ED75F680090}
		{E29DC64B-68A5-4647-8B41-1A5ADFDA0787} = {DEF0CFA4-7823-4702-A5B6-264CF0895BA7}
		{8037F99A-8BA9-4423-9697-923C5B6F0948} = {DEF0CFA4-7823-4702-A5B6-264CF0895BA7}
		{6EEFBE34-3DC2-4513-8A0D-4FAF2DB9B509} = {813D5E58-CE77-4969-B74A-A724228D8F73}
		{0E0E2792-02A3-4492-858C-55D9467E79AB} = {DEF0CFA4-7823-4702-A5B6-264CF0895BA7}
		{A302831A-0643-4478-92FF-7DFE6C89C408} = {DEF0CFA4-7823-4702-A5B6-264CF0895BA7}
		{632B3FEB-5D11-4AE4-9470-53ABDA5F8E72} = {DEF0CFA4-7823-4702-A5B6-264CF0895BA7}
		{03051CED-216E-4851-B24A-B1DAA99E1B59} = {DEF0CFA4-7823-4702-A5B6-264CF0895BA7}
		{0180FC44-21C1-4306-B709-F2705F85B2C3} = {813D5E58-CE77-4969-B74A-A724228D8F73}
		{557BF99E-CC5C-463C-AA00-B1C0792B1896} = {DEF0CFA4-7823-4702-A5B6-264CF0895BA7}
	EndGlobalSection
	GlobalSection(ExtensibilityGlobals) = postSolution
		SolutionGuid = {09D3B2BE-AC85-48C2-835F-6B781E265873}
	EndGlobalSection
EndGlobal
