
Microsoft Visual Studio Solution File, Format Version 12.00
# Visual Studio Version 17
VisualStudioVersion = 17.0.31903.59
MinimumVisualStudioVersion = 10.0.40219.1
Project("{2150E333-8FDC-42A3-9474-1A3956D46DE8}") = "Examples", "Examples", "{DEF0CFA4-7823-4702-A5B6-264CF0895BA7}"
EndProject
Project("{2150E333-8FDC-42A3-9474-1A3956D46DE8}") = "Tests", "Tests", "{813D5E58-CE77-4969-B74A-A724228D8F73}"
EndProject
Project("{9A19103F-16F7-4668-BE54-9A1E7A4F7556}") = "BlankSimulation", "examples\BlankSimulation\BlankSimulation.csproj", "{D5CABA70-154E-4369-A79A-57D7E341B8A7}"
EndProject
Project("{9A19103F-16F7-4668-BE54-9A1E7A4F7556}") = "SimulationFramework.Tests", "tests\SimulationFramework.Tests\SimulationFramework.Tests.csproj", "{DB1DEA95-9159-4379-843B-4BD6EB3CDCAF}"
EndProject
Project("{9A19103F-16F7-4668-BE54-9A1E7A4F7556}") = "FramerateGraph", "examples\FramerateGraph\FramerateGraph.csproj", "{849E7E38-9BD5-4CB3-8006-E14084E0BA11}"
EndProject
Project("{9A19103F-16F7-4668-BE54-9A1E7A4F7556}") = "SimulationFramework", "src\SimulationFramework\SimulationFramework.csproj", "{950FE21C-608E-40C8-9399-D55430499170}"
EndProject
Project("{9A19103F-16F7-4668-BE54-9A1E7A4F7556}") = "SimulationFramework.SkiaSharp", "src\SimulationFramework.SkiaSharp\SimulationFramework.SkiaSharp.csproj", "{19A4C158-4CCD-4536-84A5-A0A9BED9768E}"
EndProject
Project("{9A19103F-16F7-4668-BE54-9A1E7A4F7556}") = "SimulationFramework.Direct2D", "src\SimulationFramework.Direct2D\SimulationFramework.Direct2D.csproj", "{BC9DD17B-A90A-46F7-8C07-1DA405BFED02}"
EndProject
Project("{2150E333-8FDC-42A3-9474-1A3956D46DE8}") = "Graphics", "Graphics", "{70E789B1-29FB-421E-A968-1ED75F680090}"
EndProject
Project("{2150E333-8FDC-42A3-9474-1A3956D46DE8}") = "Environments", "Environments", "{93BAFE7A-2079-49AC-96EC-0214CE007265}"
EndProject
Project("{9A19103F-16F7-4668-BE54-9A1E7A4F7556}") = "SimulationFramework.Desktop", "src\SimulationFramework.Desktop\SimulationFramework.Desktop.csproj", "{48F547C6-E87D-48F8-B9D2-9E48CC44C364}"
EndProject
Project("{9A19103F-16F7-4668-BE54-9A1E7A4F7556}") = "DrawingShapes", "examples\DrawingShapes\DrawingShapes.csproj", "{0E53B18E-B1F8-4571-A8A9-CEC7300F5BE3}"
EndProject
Project("{2150E333-8FDC-42A3-9474-1A3956D46DE8}") = "Interactive", "Interactive", "{917A8B5B-FF49-4DE8-9524-E84BB7580060}"
EndProject
Project("{9A19103F-16F7-4668-BE54-9A1E7A4F7556}") = "SimulationFramework.Tests.Interactive.Input", "src\SimulationFramework.Tests.Interactive.Input\SimulationFramework.Tests.Interactive.Input.csproj", "{79D2B445-74E3-4DEC-8DD6-49BE86507669}"
EndProject
Project("{9A19103F-16F7-4668-BE54-9A1E7A4F7556}") = "SimulationFramework.Tests.Interactive.Gradients", "src\SimulationFramework.Tests.Interactive.Gradients\SimulationFramework.Tests.Interactive.Gradients.csproj", "{0C2DF737-5DD6-4756-94BF-380D63BA4230}"
EndProject
Project("{9A19103F-16F7-4668-BE54-9A1E7A4F7556}") = "SimulationFramework.Tests.Interactive.CanvasStateStack", "SimulationFramework.Tests.Interactive.CanvasStateStack\SimulationFramework.Tests.Interactive.CanvasStateStack.csproj", "{7EEF9E4E-36A5-47AD-9550-4E813A1525C9}"
EndProject
Global
	GlobalSection(SolutionConfigurationPlatforms) = preSolution
		Debug|Any CPU = Debug|Any CPU
		Release|Any CPU = Release|Any CPU
	EndGlobalSection
	GlobalSection(ProjectConfigurationPlatforms) = postSolution
		{D5CABA70-154E-4369-A79A-57D7E341B8A7}.Debug|Any CPU.ActiveCfg = Debug|Any CPU
		{D5CABA70-154E-4369-A79A-57D7E341B8A7}.Debug|Any CPU.Build.0 = Debug|Any CPU
		{D5CABA70-154E-4369-A79A-57D7E341B8A7}.Release|Any CPU.ActiveCfg = Release|Any CPU
		{D5CABA70-154E-4369-A79A-57D7E341B8A7}.Release|Any CPU.Build.0 = Release|Any CPU
		{DB1DEA95-9159-4379-843B-4BD6EB3CDCAF}.Debug|Any CPU.ActiveCfg = Debug|Any CPU
		{DB1DEA95-9159-4379-843B-4BD6EB3CDCAF}.Debug|Any CPU.Build.0 = Debug|Any CPU
		{DB1DEA95-9159-4379-843B-4BD6EB3CDCAF}.Release|Any CPU.ActiveCfg = Release|Any CPU
		{DB1DEA95-9159-4379-843B-4BD6EB3CDCAF}.Release|Any CPU.Build.0 = Release|Any CPU
		{849E7E38-9BD5-4CB3-8006-E14084E0BA11}.Debug|Any CPU.ActiveCfg = Debug|Any CPU
		{849E7E38-9BD5-4CB3-8006-E14084E0BA11}.Debug|Any CPU.Build.0 = Debug|Any CPU
		{849E7E38-9BD5-4CB3-8006-E14084E0BA11}.Release|Any CPU.ActiveCfg = Release|Any CPU
		{849E7E38-9BD5-4CB3-8006-E14084E0BA11}.Release|Any CPU.Build.0 = Release|Any CPU
		{950FE21C-608E-40C8-9399-D55430499170}.Debug|Any CPU.ActiveCfg = Debug|Any CPU
		{950FE21C-608E-40C8-9399-D55430499170}.Debug|Any CPU.Build.0 = Debug|Any CPU
		{950FE21C-608E-40C8-9399-D55430499170}.Release|Any CPU.ActiveCfg = Release|Any CPU
		{950FE21C-608E-40C8-9399-D55430499170}.Release|Any CPU.Build.0 = Release|Any CPU
		{19A4C158-4CCD-4536-84A5-A0A9BED9768E}.Debug|Any CPU.ActiveCfg = Debug|Any CPU
		{19A4C158-4CCD-4536-84A5-A0A9BED9768E}.Debug|Any CPU.Build.0 = Debug|Any CPU
		{19A4C158-4CCD-4536-84A5-A0A9BED9768E}.Release|Any CPU.ActiveCfg = Release|Any CPU
		{19A4C158-4CCD-4536-84A5-A0A9BED9768E}.Release|Any CPU.Build.0 = Release|Any CPU
		{BC9DD17B-A90A-46F7-8C07-1DA405BFED02}.Debug|Any CPU.ActiveCfg = Debug|Any CPU
		{BC9DD17B-A90A-46F7-8C07-1DA405BFED02}.Debug|Any CPU.Build.0 = Debug|Any CPU
		{BC9DD17B-A90A-46F7-8C07-1DA405BFED02}.Release|Any CPU.ActiveCfg = Release|Any CPU
		{BC9DD17B-A90A-46F7-8C07-1DA405BFED02}.Release|Any CPU.Build.0 = Release|Any CPU
		{48F547C6-E87D-48F8-B9D2-9E48CC44C364}.Debug|Any CPU.ActiveCfg = Debug|Any CPU
		{48F547C6-E87D-48F8-B9D2-9E48CC44C364}.Debug|Any CPU.Build.0 = Debug|Any CPU
		{48F547C6-E87D-48F8-B9D2-9E48CC44C364}.Release|Any CPU.ActiveCfg = Release|Any CPU
		{48F547C6-E87D-48F8-B9D2-9E48CC44C364}.Release|Any CPU.Build.0 = Release|Any CPU
		{0E53B18E-B1F8-4571-A8A9-CEC7300F5BE3}.Debug|Any CPU.ActiveCfg = Debug|Any CPU
		{0E53B18E-B1F8-4571-A8A9-CEC7300F5BE3}.Debug|Any CPU.Build.0 = Debug|Any CPU
		{0E53B18E-B1F8-4571-A8A9-CEC7300F5BE3}.Release|Any CPU.ActiveCfg = Release|Any CPU
		{0E53B18E-B1F8-4571-A8A9-CEC7300F5BE3}.Release|Any CPU.Build.0 = Release|Any CPU
		{79D2B445-74E3-4DEC-8DD6-49BE86507669}.Debug|Any CPU.ActiveCfg = Debug|Any CPU
		{79D2B445-74E3-4DEC-8DD6-49BE86507669}.Debug|Any CPU.Build.0 = Debug|Any CPU
		{79D2B445-74E3-4DEC-8DD6-49BE86507669}.Release|Any CPU.ActiveCfg = Release|Any CPU
		{79D2B445-74E3-4DEC-8DD6-49BE86507669}.Release|Any CPU.Build.0 = Release|Any CPU
		{0C2DF737-5DD6-4756-94BF-380D63BA4230}.Debug|Any CPU.ActiveCfg = Debug|Any CPU
		{0C2DF737-5DD6-4756-94BF-380D63BA4230}.Debug|Any CPU.Build.0 = Debug|Any CPU
		{0C2DF737-5DD6-4756-94BF-380D63BA4230}.Release|Any CPU.ActiveCfg = Release|Any CPU
		{0C2DF737-5DD6-4756-94BF-380D63BA4230}.Release|Any CPU.Build.0 = Release|Any CPU
		{7EEF9E4E-36A5-47AD-9550-4E813A1525C9}.Debug|Any CPU.ActiveCfg = Debug|Any CPU
		{7EEF9E4E-36A5-47AD-9550-4E813A1525C9}.Debug|Any CPU.Build.0 = Debug|Any CPU
		{7EEF9E4E-36A5-47AD-9550-4E813A1525C9}.Release|Any CPU.ActiveCfg = Release|Any CPU
		{7EEF9E4E-36A5-47AD-9550-4E813A1525C9}.Release|Any CPU.Build.0 = Release|Any CPU
	EndGlobalSection
	GlobalSection(SolutionProperties) = preSolution
		HideSolutionNode = FALSE
	EndGlobalSection
	GlobalSection(NestedProjects) = preSolution
		{D5CABA70-154E-4369-A79A-57D7E341B8A7} = {DEF0CFA4-7823-4702-A5B6-264CF0895BA7}
		{DB1DEA95-9159-4379-843B-4BD6EB3CDCAF} = {813D5E58-CE77-4969-B74A-A724228D8F73}
		{849E7E38-9BD5-4CB3-8006-E14084E0BA11} = {DEF0CFA4-7823-4702-A5B6-264CF0895BA7}
		{19A4C158-4CCD-4536-84A5-A0A9BED9768E} = {70E789B1-29FB-421E-A968-1ED75F680090}
		{BC9DD17B-A90A-46F7-8C07-1DA405BFED02} = {70E789B1-29FB-421E-A968-1ED75F680090}
		{48F547C6-E87D-48F8-B9D2-9E48CC44C364} = {93BAFE7A-2079-49AC-96EC-0214CE007265}
		{0E53B18E-B1F8-4571-A8A9-CEC7300F5BE3} = {DEF0CFA4-7823-4702-A5B6-264CF0895BA7}
		{917A8B5B-FF49-4DE8-9524-E84BB7580060} = {813D5E58-CE77-4969-B74A-A724228D8F73}
		{79D2B445-74E3-4DEC-8DD6-49BE86507669} = {917A8B5B-FF49-4DE8-9524-E84BB7580060}
		{0C2DF737-5DD6-4756-94BF-380D63BA4230} = {917A8B5B-FF49-4DE8-9524-E84BB7580060}
		{7EEF9E4E-36A5-47AD-9550-4E813A1525C9} = {917A8B5B-FF49-4DE8-9524-E84BB7580060}
	EndGlobalSection
	GlobalSection(ExtensibilityGlobals) = postSolution
		SolutionGuid = {09D3B2BE-AC85-48C2-835F-6B781E265873}
	EndGlobalSection
EndGlobal
