
Microsoft Visual Studio Solution File, Format Version 12.00
# Visual Studio Version 17
VisualStudioVersion = 17.0.31903.59
MinimumVisualStudioVersion = 10.0.40219.1
Project("{2150E333-8FDC-42A3-9474-1A3956D46DE8}") = "Examples", "Examples", "{DEF0CFA4-7823-4702-A5B6-264CF0895BA7}"
EndProject
Project("{2150E333-8FDC-42A3-9474-1A3956D46DE8}") = "Tests", "Tests", "{813D5E58-CE77-4969-B74A-A724228D8F73}"
EndProject
Project("{9A19103F-16F7-4668-BE54-9A1E7A4F7556}") = "BlankSimulation", "examples\BlankSimulation\BlankSimulation.csproj", "{D5CABA70-154E-4369-A79A-57D7E341B8A7}"
EndProject
Project("{9A19103F-16F7-4668-BE54-9A1E7A4F7556}") = "SimulationFramework", "src\SimulationFramework\SimulationFramework.csproj", "{950FE21C-608E-40C8-9399-D55430499170}"
EndProject
Project("{2150E333-8FDC-42A3-9474-1A3956D46DE8}") = "Graphics", "Graphics", "{70E789B1-29FB-421E-A968-1ED75F680090}"
EndProject
Project("{2150E333-8FDC-42A3-9474-1A3956D46DE8}") = "Environments", "Environments", "{93BAFE7A-2079-49AC-96EC-0214CE007265}"
EndProject
Project("{9A19103F-16F7-4668-BE54-9A1E7A4F7556}") = "SimulationFramework.Desktop", "src\SimulationFramework.Desktop\SimulationFramework.Desktop.csproj", "{48F547C6-E87D-48F8-B9D2-9E48CC44C364}"
EndProject
Project("{9A19103F-16F7-4668-BE54-9A1E7A4F7556}") = "DrawingShapes", "examples\DrawingShapes\DrawingShapes.csproj", "{0E53B18E-B1F8-4571-A8A9-CEC7300F5BE3}"
EndProject
Project("{9A19103F-16F7-4668-BE54-9A1E7A4F7556}") = "BasicInput", "examples\BasicInput\BasicInput.csproj", "{E29DC64B-68A5-4647-8B41-1A5ADFDA0787}"
EndProject
Project("{9A19103F-16F7-4668-BE54-9A1E7A4F7556}") = "SimulationFramework.Tests", "tests\SimulationFramework.Tests\SimulationFramework.Tests.csproj", "{C742E8CA-9EE6-4E72-B67A-6605B35CF17A}"
EndProject
Project("{2150E333-8FDC-42A3-9474-1A3956D46DE8}") = "Assets", "Assets", "{D5B828BE-2763-492C-B062-BD3C0D50EB97}"
	ProjectSection(SolutionItems) = preProject
		assets\logo-128x128.png = assets\logo-128x128.png
	EndProjectSection
EndProject
Project("{9A19103F-16F7-4668-BE54-9A1E7A4F7556}") = "CustomFonts", "examples\CustomFonts\CustomFonts.csproj", "{3FE0C09B-2933-4661-BB62-B157A2F10EC0}"
EndProject
Project("{9A19103F-16F7-4668-BE54-9A1E7A4F7556}") = "ExitCancelling", "examples\ExitCancelling\ExitCancelling.csproj", "{43A89D65-00FD-4265-996B-5D920F1DCB82}"
EndProject
Project("{9A19103F-16F7-4668-BE54-9A1E7A4F7556}") = "WindowIcon", "examples\WindowIcon\WindowIcon.csproj", "{BFFC36CA-1F5E-4F8B-89A2-B3C7FC41A175}"
EndProject
Project("{9A19103F-16F7-4668-BE54-9A1E7A4F7556}") = "RaytracerShader", "examples\RaytracerShader\RaytracerShader.csproj", "{BC9895D2-4D06-4761-9EE7-087020457D52}"
EndProject
Project("{9A19103F-16F7-4668-BE54-9A1E7A4F7556}") = "FixedResolution", "examples\FixedResolution\FixedResolution.csproj", "{8F5B5C67-D652-4F17-A461-635BE3836352}"
EndProject
Project("{9A19103F-16F7-4668-BE54-9A1E7A4F7556}") = "SimulationFramework.OpenGL", "src\SimulationFramework.OpenGL\SimulationFramework.OpenGL.csproj", "{F44F0459-C3A3-4459-9541-06968C874A19}"
EndProject
Project("{9A19103F-16F7-4668-BE54-9A1E7A4F7556}") = "CanvasShaders", "examples\CanvasShaders\CanvasShaders.csproj", "{9C0A5875-88B1-4ECD-8428-188CD32CF47C}"
EndProject
Project("{9A19103F-16F7-4668-BE54-9A1E7A4F7556}") = "RenderCube", "examples\RenderCube\RenderCube.csproj", "{7EAF9182-C71C-4C24-88F8-540C0EC09050}"
EndProject
Project("{9A19103F-16F7-4668-BE54-9A1E7A4F7556}") = "ComputeShaders", "examples\ComputeShaders\ComputeShaders.csproj", "{BE8EBCBD-FD16-4787-BDEA-26AA78B6EBA0}"
EndProject
Project("{9A19103F-16F7-4668-BE54-9A1E7A4F7556}") = "Render3D", "examples\Render3D\Render3D.csproj", "{441721D5-F03A-4C67-8032-294C394550C1}"
EndProject
Project("{9A19103F-16F7-4668-BE54-9A1E7A4F7556}") = "Masks", "examples\Masks\Masks.csproj", "{A0E58F84-0ADF-4782-90DF-09BAE71E3288}"
EndProject
Project("{9A19103F-16F7-4668-BE54-9A1E7A4F7556}") = "ShaderIntegration", "tests\ShaderIntegration\ShaderIntegration.csproj", "{68267971-9F25-4BF3-8876-908DE53F1082}"
EndProject
Project("{FAE04EC0-301F-11D3-BF4B-00C04F79EFBC}") = "SimulationFramework.OpenGL.BindngsGenerator", "src\SimulationFramework.OpenGL.BindngsGenerator\SimulationFramework.OpenGL.BindngsGenerator.csproj", "{70BBCD27-DD68-4CDD-AB9E-1B3BDF87D1E5}"
EndProject
Global
	GlobalSection(SolutionConfigurationPlatforms) = preSolution
		Debug|Any CPU = Debug|Any CPU
		Debug|arm64 = Debug|arm64
		Debug|x86 = Debug|x86
		Release|Any CPU = Release|Any CPU
		Release|arm64 = Release|arm64
		Release|x86 = Release|x86
	EndGlobalSection
	GlobalSection(ProjectConfigurationPlatforms) = postSolution
		{D5CABA70-154E-4369-A79A-57D7E341B8A7}.Debug|Any CPU.ActiveCfg = Debug|Any CPU
		{D5CABA70-154E-4369-A79A-57D7E341B8A7}.Debug|Any CPU.Build.0 = Debug|Any CPU
		{D5CABA70-154E-4369-A79A-57D7E341B8A7}.Debug|arm64.ActiveCfg = Debug|Any CPU
		{D5CABA70-154E-4369-A79A-57D7E341B8A7}.Debug|arm64.Build.0 = Debug|Any CPU
		{D5CABA70-154E-4369-A79A-57D7E341B8A7}.Debug|x86.ActiveCfg = Debug|Any CPU
		{D5CABA70-154E-4369-A79A-57D7E341B8A7}.Debug|x86.Build.0 = Debug|Any CPU
		{D5CABA70-154E-4369-A79A-57D7E341B8A7}.Release|Any CPU.ActiveCfg = Release|Any CPU
		{D5CABA70-154E-4369-A79A-57D7E341B8A7}.Release|Any CPU.Build.0 = Release|Any CPU
		{D5CABA70-154E-4369-A79A-57D7E341B8A7}.Release|arm64.ActiveCfg = Release|Any CPU
		{D5CABA70-154E-4369-A79A-57D7E341B8A7}.Release|arm64.Build.0 = Release|Any CPU
		{D5CABA70-154E-4369-A79A-57D7E341B8A7}.Release|x86.ActiveCfg = Release|Any CPU
		{D5CABA70-154E-4369-A79A-57D7E341B8A7}.Release|x86.Build.0 = Release|Any CPU
		{950FE21C-608E-40C8-9399-D55430499170}.Debug|Any CPU.ActiveCfg = Debug|Any CPU
		{950FE21C-608E-40C8-9399-D55430499170}.Debug|Any CPU.Build.0 = Debug|Any CPU
		{950FE21C-608E-40C8-9399-D55430499170}.Debug|arm64.ActiveCfg = Debug|Any CPU
		{950FE21C-608E-40C8-9399-D55430499170}.Debug|arm64.Build.0 = Debug|Any CPU
		{950FE21C-608E-40C8-9399-D55430499170}.Debug|x86.ActiveCfg = Debug|Any CPU
		{950FE21C-608E-40C8-9399-D55430499170}.Debug|x86.Build.0 = Debug|Any CPU
		{950FE21C-608E-40C8-9399-D55430499170}.Release|Any CPU.ActiveCfg = Release|Any CPU
		{950FE21C-608E-40C8-9399-D55430499170}.Release|Any CPU.Build.0 = Release|Any CPU
		{950FE21C-608E-40C8-9399-D55430499170}.Release|arm64.ActiveCfg = Release|Any CPU
		{950FE21C-608E-40C8-9399-D55430499170}.Release|arm64.Build.0 = Release|Any CPU
		{950FE21C-608E-40C8-9399-D55430499170}.Release|x86.ActiveCfg = Release|Any CPU
		{950FE21C-608E-40C8-9399-D55430499170}.Release|x86.Build.0 = Release|Any CPU
		{48F547C6-E87D-48F8-B9D2-9E48CC44C364}.Debug|Any CPU.ActiveCfg = Debug|Any CPU
		{48F547C6-E87D-48F8-B9D2-9E48CC44C364}.Debug|Any CPU.Build.0 = Debug|Any CPU
		{48F547C6-E87D-48F8-B9D2-9E48CC44C364}.Debug|arm64.ActiveCfg = Debug|Any CPU
		{48F547C6-E87D-48F8-B9D2-9E48CC44C364}.Debug|arm64.Build.0 = Debug|Any CPU
		{48F547C6-E87D-48F8-B9D2-9E48CC44C364}.Debug|x86.ActiveCfg = Debug|Any CPU
		{48F547C6-E87D-48F8-B9D2-9E48CC44C364}.Debug|x86.Build.0 = Debug|Any CPU
		{48F547C6-E87D-48F8-B9D2-9E48CC44C364}.Release|Any CPU.ActiveCfg = Release|Any CPU
		{48F547C6-E87D-48F8-B9D2-9E48CC44C364}.Release|Any CPU.Build.0 = Release|Any CPU
		{48F547C6-E87D-48F8-B9D2-9E48CC44C364}.Release|arm64.ActiveCfg = Release|Any CPU
		{48F547C6-E87D-48F8-B9D2-9E48CC44C364}.Release|arm64.Build.0 = Release|Any CPU
		{48F547C6-E87D-48F8-B9D2-9E48CC44C364}.Release|x86.ActiveCfg = Release|Any CPU
		{48F547C6-E87D-48F8-B9D2-9E48CC44C364}.Release|x86.Build.0 = Release|Any CPU
		{0E53B18E-B1F8-4571-A8A9-CEC7300F5BE3}.Debug|Any CPU.ActiveCfg = Debug|Any CPU
		{0E53B18E-B1F8-4571-A8A9-CEC7300F5BE3}.Debug|Any CPU.Build.0 = Debug|Any CPU
		{0E53B18E-B1F8-4571-A8A9-CEC7300F5BE3}.Debug|arm64.ActiveCfg = Debug|Any CPU
		{0E53B18E-B1F8-4571-A8A9-CEC7300F5BE3}.Debug|arm64.Build.0 = Debug|Any CPU
		{0E53B18E-B1F8-4571-A8A9-CEC7300F5BE3}.Debug|x86.ActiveCfg = Debug|Any CPU
		{0E53B18E-B1F8-4571-A8A9-CEC7300F5BE3}.Debug|x86.Build.0 = Debug|Any CPU
		{0E53B18E-B1F8-4571-A8A9-CEC7300F5BE3}.Release|Any CPU.ActiveCfg = Release|Any CPU
		{0E53B18E-B1F8-4571-A8A9-CEC7300F5BE3}.Release|Any CPU.Build.0 = Release|Any CPU
		{0E53B18E-B1F8-4571-A8A9-CEC7300F5BE3}.Release|arm64.ActiveCfg = Release|Any CPU
		{0E53B18E-B1F8-4571-A8A9-CEC7300F5BE3}.Release|arm64.Build.0 = Release|Any CPU
		{0E53B18E-B1F8-4571-A8A9-CEC7300F5BE3}.Release|x86.ActiveCfg = Release|Any CPU
		{0E53B18E-B1F8-4571-A8A9-CEC7300F5BE3}.Release|x86.Build.0 = Release|Any CPU
		{E29DC64B-68A5-4647-8B41-1A5ADFDA0787}.Debug|Any CPU.ActiveCfg = Debug|Any CPU
		{E29DC64B-68A5-4647-8B41-1A5ADFDA0787}.Debug|Any CPU.Build.0 = Debug|Any CPU
		{E29DC64B-68A5-4647-8B41-1A5ADFDA0787}.Debug|arm64.ActiveCfg = Debug|Any CPU
		{E29DC64B-68A5-4647-8B41-1A5ADFDA0787}.Debug|arm64.Build.0 = Debug|Any CPU
		{E29DC64B-68A5-4647-8B41-1A5ADFDA0787}.Debug|x86.ActiveCfg = Debug|Any CPU
		{E29DC64B-68A5-4647-8B41-1A5ADFDA0787}.Debug|x86.Build.0 = Debug|Any CPU
		{E29DC64B-68A5-4647-8B41-1A5ADFDA0787}.Release|Any CPU.ActiveCfg = Release|Any CPU
		{E29DC64B-68A5-4647-8B41-1A5ADFDA0787}.Release|Any CPU.Build.0 = Release|Any CPU
		{E29DC64B-68A5-4647-8B41-1A5ADFDA0787}.Release|arm64.ActiveCfg = Release|Any CPU
		{E29DC64B-68A5-4647-8B41-1A5ADFDA0787}.Release|arm64.Build.0 = Release|Any CPU
		{E29DC64B-68A5-4647-8B41-1A5ADFDA0787}.Release|x86.ActiveCfg = Release|Any CPU
		{E29DC64B-68A5-4647-8B41-1A5ADFDA0787}.Release|x86.Build.0 = Release|Any CPU
		{C742E8CA-9EE6-4E72-B67A-6605B35CF17A}.Debug|Any CPU.ActiveCfg = Debug|Any CPU
		{C742E8CA-9EE6-4E72-B67A-6605B35CF17A}.Debug|Any CPU.Build.0 = Debug|Any CPU
		{C742E8CA-9EE6-4E72-B67A-6605B35CF17A}.Debug|arm64.ActiveCfg = Debug|Any CPU
		{C742E8CA-9EE6-4E72-B67A-6605B35CF17A}.Debug|arm64.Build.0 = Debug|Any CPU
		{C742E8CA-9EE6-4E72-B67A-6605B35CF17A}.Debug|x86.ActiveCfg = Debug|Any CPU
		{C742E8CA-9EE6-4E72-B67A-6605B35CF17A}.Debug|x86.Build.0 = Debug|Any CPU
		{C742E8CA-9EE6-4E72-B67A-6605B35CF17A}.Release|Any CPU.ActiveCfg = Release|Any CPU
		{C742E8CA-9EE6-4E72-B67A-6605B35CF17A}.Release|Any CPU.Build.0 = Release|Any CPU
		{C742E8CA-9EE6-4E72-B67A-6605B35CF17A}.Release|arm64.ActiveCfg = Release|Any CPU
		{C742E8CA-9EE6-4E72-B67A-6605B35CF17A}.Release|arm64.Build.0 = Release|Any CPU
		{C742E8CA-9EE6-4E72-B67A-6605B35CF17A}.Release|x86.ActiveCfg = Release|Any CPU
		{C742E8CA-9EE6-4E72-B67A-6605B35CF17A}.Release|x86.Build.0 = Release|Any CPU
		{3FE0C09B-2933-4661-BB62-B157A2F10EC0}.Debug|Any CPU.ActiveCfg = Debug|Any CPU
		{3FE0C09B-2933-4661-BB62-B157A2F10EC0}.Debug|Any CPU.Build.0 = Debug|Any CPU
		{3FE0C09B-2933-4661-BB62-B157A2F10EC0}.Debug|arm64.ActiveCfg = Debug|Any CPU
		{3FE0C09B-2933-4661-BB62-B157A2F10EC0}.Debug|arm64.Build.0 = Debug|Any CPU
		{3FE0C09B-2933-4661-BB62-B157A2F10EC0}.Debug|x86.ActiveCfg = Debug|Any CPU
		{3FE0C09B-2933-4661-BB62-B157A2F10EC0}.Debug|x86.Build.0 = Debug|Any CPU
		{3FE0C09B-2933-4661-BB62-B157A2F10EC0}.Release|Any CPU.ActiveCfg = Release|Any CPU
		{3FE0C09B-2933-4661-BB62-B157A2F10EC0}.Release|Any CPU.Build.0 = Release|Any CPU
		{3FE0C09B-2933-4661-BB62-B157A2F10EC0}.Release|arm64.ActiveCfg = Release|Any CPU
		{3FE0C09B-2933-4661-BB62-B157A2F10EC0}.Release|arm64.Build.0 = Release|Any CPU
		{3FE0C09B-2933-4661-BB62-B157A2F10EC0}.Release|x86.ActiveCfg = Release|Any CPU
		{3FE0C09B-2933-4661-BB62-B157A2F10EC0}.Release|x86.Build.0 = Release|Any CPU
		{43A89D65-00FD-4265-996B-5D920F1DCB82}.Debug|Any CPU.ActiveCfg = Debug|Any CPU
		{43A89D65-00FD-4265-996B-5D920F1DCB82}.Debug|Any CPU.Build.0 = Debug|Any CPU
		{43A89D65-00FD-4265-996B-5D920F1DCB82}.Debug|arm64.ActiveCfg = Debug|Any CPU
		{43A89D65-00FD-4265-996B-5D920F1DCB82}.Debug|arm64.Build.0 = Debug|Any CPU
		{43A89D65-00FD-4265-996B-5D920F1DCB82}.Debug|x86.ActiveCfg = Debug|Any CPU
		{43A89D65-00FD-4265-996B-5D920F1DCB82}.Debug|x86.Build.0 = Debug|Any CPU
		{43A89D65-00FD-4265-996B-5D920F1DCB82}.Release|Any CPU.ActiveCfg = Release|Any CPU
		{43A89D65-00FD-4265-996B-5D920F1DCB82}.Release|Any CPU.Build.0 = Release|Any CPU
		{43A89D65-00FD-4265-996B-5D920F1DCB82}.Release|arm64.ActiveCfg = Release|Any CPU
		{43A89D65-00FD-4265-996B-5D920F1DCB82}.Release|arm64.Build.0 = Release|Any CPU
		{43A89D65-00FD-4265-996B-5D920F1DCB82}.Release|x86.ActiveCfg = Release|Any CPU
		{43A89D65-00FD-4265-996B-5D920F1DCB82}.Release|x86.Build.0 = Release|Any CPU
		{BFFC36CA-1F5E-4F8B-89A2-B3C7FC41A175}.Debug|Any CPU.ActiveCfg = Debug|Any CPU
		{BFFC36CA-1F5E-4F8B-89A2-B3C7FC41A175}.Debug|Any CPU.Build.0 = Debug|Any CPU
		{BFFC36CA-1F5E-4F8B-89A2-B3C7FC41A175}.Debug|arm64.ActiveCfg = Debug|Any CPU
		{BFFC36CA-1F5E-4F8B-89A2-B3C7FC41A175}.Debug|arm64.Build.0 = Debug|Any CPU
		{BFFC36CA-1F5E-4F8B-89A2-B3C7FC41A175}.Debug|x86.ActiveCfg = Debug|Any CPU
		{BFFC36CA-1F5E-4F8B-89A2-B3C7FC41A175}.Debug|x86.Build.0 = Debug|Any CPU
		{BFFC36CA-1F5E-4F8B-89A2-B3C7FC41A175}.Release|Any CPU.ActiveCfg = Release|Any CPU
		{BFFC36CA-1F5E-4F8B-89A2-B3C7FC41A175}.Release|Any CPU.Build.0 = Release|Any CPU
		{BFFC36CA-1F5E-4F8B-89A2-B3C7FC41A175}.Release|arm64.ActiveCfg = Release|Any CPU
		{BFFC36CA-1F5E-4F8B-89A2-B3C7FC41A175}.Release|arm64.Build.0 = Release|Any CPU
		{BFFC36CA-1F5E-4F8B-89A2-B3C7FC41A175}.Release|x86.ActiveCfg = Release|Any CPU
		{BFFC36CA-1F5E-4F8B-89A2-B3C7FC41A175}.Release|x86.Build.0 = Release|Any CPU
		{BC9895D2-4D06-4761-9EE7-087020457D52}.Debug|Any CPU.ActiveCfg = Debug|Any CPU
		{BC9895D2-4D06-4761-9EE7-087020457D52}.Debug|Any CPU.Build.0 = Debug|Any CPU
		{BC9895D2-4D06-4761-9EE7-087020457D52}.Debug|arm64.ActiveCfg = Debug|Any CPU
		{BC9895D2-4D06-4761-9EE7-087020457D52}.Debug|arm64.Build.0 = Debug|Any CPU
		{BC9895D2-4D06-4761-9EE7-087020457D52}.Debug|x86.ActiveCfg = Debug|Any CPU
		{BC9895D2-4D06-4761-9EE7-087020457D52}.Debug|x86.Build.0 = Debug|Any CPU
		{BC9895D2-4D06-4761-9EE7-087020457D52}.Release|Any CPU.ActiveCfg = Release|Any CPU
		{BC9895D2-4D06-4761-9EE7-087020457D52}.Release|Any CPU.Build.0 = Release|Any CPU
		{BC9895D2-4D06-4761-9EE7-087020457D52}.Release|arm64.ActiveCfg = Release|Any CPU
		{BC9895D2-4D06-4761-9EE7-087020457D52}.Release|arm64.Build.0 = Release|Any CPU
		{BC9895D2-4D06-4761-9EE7-087020457D52}.Release|x86.ActiveCfg = Release|Any CPU
		{BC9895D2-4D06-4761-9EE7-087020457D52}.Release|x86.Build.0 = Release|Any CPU
		{8F5B5C67-D652-4F17-A461-635BE3836352}.Debug|Any CPU.ActiveCfg = Debug|Any CPU
		{8F5B5C67-D652-4F17-A461-635BE3836352}.Debug|Any CPU.Build.0 = Debug|Any CPU
		{8F5B5C67-D652-4F17-A461-635BE3836352}.Debug|arm64.ActiveCfg = Debug|Any CPU
		{8F5B5C67-D652-4F17-A461-635BE3836352}.Debug|arm64.Build.0 = Debug|Any CPU
		{8F5B5C67-D652-4F17-A461-635BE3836352}.Debug|x86.ActiveCfg = Debug|Any CPU
		{8F5B5C67-D652-4F17-A461-635BE3836352}.Debug|x86.Build.0 = Debug|Any CPU
		{8F5B5C67-D652-4F17-A461-635BE3836352}.Release|Any CPU.ActiveCfg = Release|Any CPU
		{8F5B5C67-D652-4F17-A461-635BE3836352}.Release|Any CPU.Build.0 = Release|Any CPU
		{8F5B5C67-D652-4F17-A461-635BE3836352}.Release|arm64.ActiveCfg = Release|Any CPU
		{8F5B5C67-D652-4F17-A461-635BE3836352}.Release|arm64.Build.0 = Release|Any CPU
		{8F5B5C67-D652-4F17-A461-635BE3836352}.Release|x86.ActiveCfg = Release|Any CPU
		{8F5B5C67-D652-4F17-A461-635BE3836352}.Release|x86.Build.0 = Release|Any CPU
		{F44F0459-C3A3-4459-9541-06968C874A19}.Debug|Any CPU.ActiveCfg = Debug|Any CPU
		{F44F0459-C3A3-4459-9541-06968C874A19}.Debug|Any CPU.Build.0 = Debug|Any CPU
		{F44F0459-C3A3-4459-9541-06968C874A19}.Debug|arm64.ActiveCfg = Debug|Any CPU
		{F44F0459-C3A3-4459-9541-06968C874A19}.Debug|arm64.Build.0 = Debug|Any CPU
		{F44F0459-C3A3-4459-9541-06968C874A19}.Debug|x86.ActiveCfg = Debug|Any CPU
		{F44F0459-C3A3-4459-9541-06968C874A19}.Debug|x86.Build.0 = Debug|Any CPU
		{F44F0459-C3A3-4459-9541-06968C874A19}.Release|Any CPU.ActiveCfg = Release|Any CPU
		{F44F0459-C3A3-4459-9541-06968C874A19}.Release|Any CPU.Build.0 = Release|Any CPU
		{F44F0459-C3A3-4459-9541-06968C874A19}.Release|arm64.ActiveCfg = Release|Any CPU
		{F44F0459-C3A3-4459-9541-06968C874A19}.Release|arm64.Build.0 = Release|Any CPU
		{F44F0459-C3A3-4459-9541-06968C874A19}.Release|x86.ActiveCfg = Release|Any CPU
		{F44F0459-C3A3-4459-9541-06968C874A19}.Release|x86.Build.0 = Release|Any CPU
		{9C0A5875-88B1-4ECD-8428-188CD32CF47C}.Debug|Any CPU.ActiveCfg = Debug|Any CPU
		{9C0A5875-88B1-4ECD-8428-188CD32CF47C}.Debug|Any CPU.Build.0 = Debug|Any CPU
		{9C0A5875-88B1-4ECD-8428-188CD32CF47C}.Debug|arm64.ActiveCfg = Debug|Any CPU
		{9C0A5875-88B1-4ECD-8428-188CD32CF47C}.Debug|arm64.Build.0 = Debug|Any CPU
		{9C0A5875-88B1-4ECD-8428-188CD32CF47C}.Debug|x86.ActiveCfg = Debug|Any CPU
		{9C0A5875-88B1-4ECD-8428-188CD32CF47C}.Debug|x86.Build.0 = Debug|Any CPU
		{9C0A5875-88B1-4ECD-8428-188CD32CF47C}.Release|Any CPU.ActiveCfg = Release|Any CPU
		{9C0A5875-88B1-4ECD-8428-188CD32CF47C}.Release|Any CPU.Build.0 = Release|Any CPU
		{9C0A5875-88B1-4ECD-8428-188CD32CF47C}.Release|arm64.ActiveCfg = Release|Any CPU
		{9C0A5875-88B1-4ECD-8428-188CD32CF47C}.Release|arm64.Build.0 = Release|Any CPU
		{9C0A5875-88B1-4ECD-8428-188CD32CF47C}.Release|x86.ActiveCfg = Release|Any CPU
		{9C0A5875-88B1-4ECD-8428-188CD32CF47C}.Release|x86.Build.0 = Release|Any CPU
		{7EAF9182-C71C-4C24-88F8-540C0EC09050}.Debug|Any CPU.ActiveCfg = Debug|Any CPU
		{7EAF9182-C71C-4C24-88F8-540C0EC09050}.Debug|Any CPU.Build.0 = Debug|Any CPU
		{7EAF9182-C71C-4C24-88F8-540C0EC09050}.Debug|arm64.ActiveCfg = Debug|Any CPU
		{7EAF9182-C71C-4C24-88F8-540C0EC09050}.Debug|arm64.Build.0 = Debug|Any CPU
		{7EAF9182-C71C-4C24-88F8-540C0EC09050}.Debug|x86.ActiveCfg = Debug|Any CPU
		{7EAF9182-C71C-4C24-88F8-540C0EC09050}.Debug|x86.Build.0 = Debug|Any CPU
		{7EAF9182-C71C-4C24-88F8-540C0EC09050}.Release|Any CPU.ActiveCfg = Release|Any CPU
		{7EAF9182-C71C-4C24-88F8-540C0EC09050}.Release|Any CPU.Build.0 = Release|Any CPU
		{7EAF9182-C71C-4C24-88F8-540C0EC09050}.Release|arm64.ActiveCfg = Release|Any CPU
		{7EAF9182-C71C-4C24-88F8-540C0EC09050}.Release|arm64.Build.0 = Release|Any CPU
		{7EAF9182-C71C-4C24-88F8-540C0EC09050}.Release|x86.ActiveCfg = Release|Any CPU
		{7EAF9182-C71C-4C24-88F8-540C0EC09050}.Release|x86.Build.0 = Release|Any CPU
		{BE8EBCBD-FD16-4787-BDEA-26AA78B6EBA0}.Debug|Any CPU.ActiveCfg = Debug|Any CPU
		{BE8EBCBD-FD16-4787-BDEA-26AA78B6EBA0}.Debug|Any CPU.Build.0 = Debug|Any CPU
		{BE8EBCBD-FD16-4787-BDEA-26AA78B6EBA0}.Debug|arm64.ActiveCfg = Debug|Any CPU
		{BE8EBCBD-FD16-4787-BDEA-26AA78B6EBA0}.Debug|arm64.Build.0 = Debug|Any CPU
		{BE8EBCBD-FD16-4787-BDEA-26AA78B6EBA0}.Debug|x86.ActiveCfg = Debug|Any CPU
		{BE8EBCBD-FD16-4787-BDEA-26AA78B6EBA0}.Debug|x86.Build.0 = Debug|Any CPU
		{BE8EBCBD-FD16-4787-BDEA-26AA78B6EBA0}.Release|Any CPU.ActiveCfg = Release|Any CPU
		{BE8EBCBD-FD16-4787-BDEA-26AA78B6EBA0}.Release|Any CPU.Build.0 = Release|Any CPU
		{BE8EBCBD-FD16-4787-BDEA-26AA78B6EBA0}.Release|arm64.ActiveCfg = Release|Any CPU
		{BE8EBCBD-FD16-4787-BDEA-26AA78B6EBA0}.Release|arm64.Build.0 = Release|Any CPU
		{BE8EBCBD-FD16-4787-BDEA-26AA78B6EBA0}.Release|x86.ActiveCfg = Release|Any CPU
		{BE8EBCBD-FD16-4787-BDEA-26AA78B6EBA0}.Release|x86.Build.0 = Release|Any CPU
		{441721D5-F03A-4C67-8032-294C394550C1}.Debug|Any CPU.ActiveCfg = Debug|Any CPU
		{441721D5-F03A-4C67-8032-294C394550C1}.Debug|Any CPU.Build.0 = Debug|Any CPU
		{441721D5-F03A-4C67-8032-294C394550C1}.Debug|arm64.ActiveCfg = Debug|Any CPU
		{441721D5-F03A-4C67-8032-294C394550C1}.Debug|arm64.Build.0 = Debug|Any CPU
		{441721D5-F03A-4C67-8032-294C394550C1}.Debug|x86.ActiveCfg = Debug|Any CPU
		{441721D5-F03A-4C67-8032-294C394550C1}.Debug|x86.Build.0 = Debug|Any CPU
		{441721D5-F03A-4C67-8032-294C394550C1}.Release|Any CPU.ActiveCfg = Release|Any CPU
		{441721D5-F03A-4C67-8032-294C394550C1}.Release|Any CPU.Build.0 = Release|Any CPU
		{441721D5-F03A-4C67-8032-294C394550C1}.Release|arm64.ActiveCfg = Release|Any CPU
		{441721D5-F03A-4C67-8032-294C394550C1}.Release|arm64.Build.0 = Release|Any CPU
		{441721D5-F03A-4C67-8032-294C394550C1}.Release|x86.ActiveCfg = Release|Any CPU
		{441721D5-F03A-4C67-8032-294C394550C1}.Release|x86.Build.0 = Release|Any CPU
		{A0E58F84-0ADF-4782-90DF-09BAE71E3288}.Debug|Any CPU.ActiveCfg = Debug|Any CPU
		{A0E58F84-0ADF-4782-90DF-09BAE71E3288}.Debug|Any CPU.Build.0 = Debug|Any CPU
		{A0E58F84-0ADF-4782-90DF-09BAE71E3288}.Debug|arm64.ActiveCfg = Debug|Any CPU
		{A0E58F84-0ADF-4782-90DF-09BAE71E3288}.Debug|arm64.Build.0 = Debug|Any CPU
		{A0E58F84-0ADF-4782-90DF-09BAE71E3288}.Debug|x86.ActiveCfg = Debug|Any CPU
		{A0E58F84-0ADF-4782-90DF-09BAE71E3288}.Debug|x86.Build.0 = Debug|Any CPU
		{A0E58F84-0ADF-4782-90DF-09BAE71E3288}.Release|Any CPU.ActiveCfg = Release|Any CPU
		{A0E58F84-0ADF-4782-90DF-09BAE71E3288}.Release|Any CPU.Build.0 = Release|Any CPU
		{A0E58F84-0ADF-4782-90DF-09BAE71E3288}.Release|arm64.ActiveCfg = Release|Any CPU
		{A0E58F84-0ADF-4782-90DF-09BAE71E3288}.Release|arm64.Build.0 = Release|Any CPU
		{A0E58F84-0ADF-4782-90DF-09BAE71E3288}.Release|x86.ActiveCfg = Release|Any CPU
		{A0E58F84-0ADF-4782-90DF-09BAE71E3288}.Release|x86.Build.0 = Release|Any CPU
		{68267971-9F25-4BF3-8876-908DE53F1082}.Debug|Any CPU.ActiveCfg = Debug|Any CPU
		{68267971-9F25-4BF3-8876-908DE53F1082}.Debug|Any CPU.Build.0 = Debug|Any CPU
		{68267971-9F25-4BF3-8876-908DE53F1082}.Debug|arm64.ActiveCfg = Debug|Any CPU
		{68267971-9F25-4BF3-8876-908DE53F1082}.Debug|arm64.Build.0 = Debug|Any CPU
		{68267971-9F25-4BF3-8876-908DE53F1082}.Debug|x86.ActiveCfg = Debug|Any CPU
		{68267971-9F25-4BF3-8876-908DE53F1082}.Debug|x86.Build.0 = Debug|Any CPU
		{68267971-9F25-4BF3-8876-908DE53F1082}.Release|Any CPU.ActiveCfg = Release|Any CPU
		{68267971-9F25-4BF3-8876-908DE53F1082}.Release|Any CPU.Build.0 = Release|Any CPU
		{68267971-9F25-4BF3-8876-908DE53F1082}.Release|arm64.ActiveCfg = Release|Any CPU
		{68267971-9F25-4BF3-8876-908DE53F1082}.Release|arm64.Build.0 = Release|Any CPU
		{68267971-9F25-4BF3-8876-908DE53F1082}.Release|x86.ActiveCfg = Release|Any CPU
		{68267971-9F25-4BF3-8876-908DE53F1082}.Release|x86.Build.0 = Release|Any CPU
		{70BBCD27-DD68-4CDD-AB9E-1B3BDF87D1E5}.Debug|Any CPU.ActiveCfg = Debug|Any CPU
		{70BBCD27-DD68-4CDD-AB9E-1B3BDF87D1E5}.Debug|Any CPU.Build.0 = Debug|Any CPU
		{70BBCD27-DD68-4CDD-AB9E-1B3BDF87D1E5}.Debug|arm64.ActiveCfg = Debug|Any CPU
		{70BBCD27-DD68-4CDD-AB9E-1B3BDF87D1E5}.Debug|arm64.Build.0 = Debug|Any CPU
		{70BBCD27-DD68-4CDD-AB9E-1B3BDF87D1E5}.Debug|x86.ActiveCfg = Debug|Any CPU
		{70BBCD27-DD68-4CDD-AB9E-1B3BDF87D1E5}.Debug|x86.Build.0 = Debug|Any CPU
		{70BBCD27-DD68-4CDD-AB9E-1B3BDF87D1E5}.Release|Any CPU.ActiveCfg = Release|Any CPU
		{70BBCD27-DD68-4CDD-AB9E-1B3BDF87D1E5}.Release|Any CPU.Build.0 = Release|Any CPU
		{70BBCD27-DD68-4CDD-AB9E-1B3BDF87D1E5}.Release|arm64.ActiveCfg = Release|Any CPU
		{70BBCD27-DD68-4CDD-AB9E-1B3BDF87D1E5}.Release|arm64.Build.0 = Release|Any CPU
		{70BBCD27-DD68-4CDD-AB9E-1B3BDF87D1E5}.Release|x86.ActiveCfg = Release|Any CPU
		{70BBCD27-DD68-4CDD-AB9E-1B3BDF87D1E5}.Release|x86.Build.0 = Release|Any CPU
	EndGlobalSection
	GlobalSection(SolutionProperties) = preSolution
		HideSolutionNode = FALSE
	EndGlobalSection
	GlobalSection(NestedProjects) = preSolution
		{D5CABA70-154E-4369-A79A-57D7E341B8A7} = {DEF0CFA4-7823-4702-A5B6-264CF0895BA7}
		{48F547C6-E87D-48F8-B9D2-9E48CC44C364} = {93BAFE7A-2079-49AC-96EC-0214CE007265}
		{0E53B18E-B1F8-4571-A8A9-CEC7300F5BE3} = {DEF0CFA4-7823-4702-A5B6-264CF0895BA7}
		{E29DC64B-68A5-4647-8B41-1A5ADFDA0787} = {DEF0CFA4-7823-4702-A5B6-264CF0895BA7}
		{C742E8CA-9EE6-4E72-B67A-6605B35CF17A} = {813D5E58-CE77-4969-B74A-A724228D8F73}
		{3FE0C09B-2933-4661-BB62-B157A2F10EC0} = {DEF0CFA4-7823-4702-A5B6-264CF0895BA7}
		{43A89D65-00FD-4265-996B-5D920F1DCB82} = {DEF0CFA4-7823-4702-A5B6-264CF0895BA7}
		{BFFC36CA-1F5E-4F8B-89A2-B3C7FC41A175} = {DEF0CFA4-7823-4702-A5B6-264CF0895BA7}
		{BC9895D2-4D06-4761-9EE7-087020457D52} = {DEF0CFA4-7823-4702-A5B6-264CF0895BA7}
		{8F5B5C67-D652-4F17-A461-635BE3836352} = {DEF0CFA4-7823-4702-A5B6-264CF0895BA7}
		{F44F0459-C3A3-4459-9541-06968C874A19} = {70E789B1-29FB-421E-A968-1ED75F680090}
		{9C0A5875-88B1-4ECD-8428-188CD32CF47C} = {DEF0CFA4-7823-4702-A5B6-264CF0895BA7}
		{7EAF9182-C71C-4C24-88F8-540C0EC09050} = {DEF0CFA4-7823-4702-A5B6-264CF0895BA7}
		{BE8EBCBD-FD16-4787-BDEA-26AA78B6EBA0} = {DEF0CFA4-7823-4702-A5B6-264CF0895BA7}
		{441721D5-F03A-4C67-8032-294C394550C1} = {DEF0CFA4-7823-4702-A5B6-264CF0895BA7}
		{A0E58F84-0ADF-4782-90DF-09BAE71E3288} = {DEF0CFA4-7823-4702-A5B6-264CF0895BA7}
		{68267971-9F25-4BF3-8876-908DE53F1082} = {813D5E58-CE77-4969-B74A-A724228D8F73}
		{70BBCD27-DD68-4CDD-AB9E-1B3BDF87D1E5} = {70E789B1-29FB-421E-A968-1ED75F680090}
	EndGlobalSection
	GlobalSection(ExtensibilityGlobals) = postSolution
		SolutionGuid = {09D3B2BE-AC85-48C2-835F-6B781E265873}
	EndGlobalSection
EndGlobal
